// !$*UTF8*$!
{
	archiveVersion = 1;
	classes = {
	};
	objectVersion = 77;
	objects = {

/* Begin PBXBuildFile section */
		2C6AF37B2E3C59CA00C6FA2D /* CustomTabBar.swift in Sources */ = {isa = PBXBuildFile; fileRef = 2C6AF37A2E3C59CA00C6FA2D /* CustomTabBar.swift */; };
		2C6AF3822E3C5B2600C6FA2D /* Home.swift in Sources */ = {isa = PBXBuildFile; fileRef = 2C6AF3802E3C5B2600C6FA2D /* Home.swift */; };
		2C6AF3832E3C5B2600C6FA2D /* Home.xib in Resources */ = {isa = PBXBuildFile; fileRef = 2C6AF3812E3C5B2600C6FA2D /* Home.xib */; };
		2C8ED83C2E3B4B40009D20E4 /* AppDelegate.swift in Sources */ = {isa = PBXBuildFile; fileRef = 2C8ED8322E3B4B40009D20E4 /* AppDelegate.swift */; };
		2C8ED83D2E3B4B40009D20E4 /* SceneDelegate.swift in Sources */ = {isa = PBXBuildFile; fileRef = 2C8ED8392E3B4B40009D20E4 /* SceneDelegate.swift */; };
		2C8ED83E2E3B4B40009D20E4 /* ViewController.swift in Sources */ = {isa = PBXBuildFile; fileRef = 2C8ED83A2E3B4B40009D20E4 /* ViewController.swift */; };
		2C8ED83F2E3B4B40009D20E4 /* Assets.xcassets in Resources */ = {isa = PBXBuildFile; fileRef = 2C8ED8332E3B4B40009D20E4 /* Assets.xcassets */; };
		2C8ED8412E3B4B40009D20E4 /* LaunchScreen.storyboard in Resources */ = {isa = PBXBuildFile; fileRef = 2C8ED8362E3B4B40009D20E4 /* LaunchScreen.storyboard */; };
		2C8ED8422E3B4B40009D20E4 /* Main.storyboard in Resources */ = {isa = PBXBuildFile; fileRef = 2C8ED8382E3B4B40009D20E4 /* Main.storyboard */; };
		2C8ED85E2E3B64A8009D20E4 /* Camera.xib in Resources */ = {isa = PBXBuildFile; fileRef = 2C8ED85D2E3B64A8009D20E4 /* Camera.xib */; };
		2C8ED85F2E3B64A8009D20E4 /* Camera.swift in Sources */ = {isa = PBXBuildFile; fileRef = 2C8ED85C2E3B64A8009D20E4 /* Camera.swift */; };
		2C8ED8622E3B64BB009D20E4 /* ImportPhoto.xib in Resources */ = {isa = PBXBuildFile; fileRef = 2C8ED8612E3B64BB009D20E4 /* ImportPhoto.xib */; };
		2C8ED8632E3B64BB009D20E4 /* ImportPhoto.swift in Sources */ = {isa = PBXBuildFile; fileRef = 2C8ED8602E3B64BB009D20E4 /* ImportPhoto.swift */; };
/* End PBXBuildFile section */

/* Begin PBXFileReference section */
		2C6AF37A2E3C59CA00C6FA2D /* CustomTabBar.swift */ = {isa = PBXFileReference; lastKnownFileType = sourcecode.swift; path = CustomTabBar.swift; sourceTree = "<group>"; };
		2C6AF3802E3C5B2600C6FA2D /* Home.swift */ = {isa = PBXFileReference; lastKnownFileType = sourcecode.swift; path = Home.swift; sourceTree = "<group>"; };
		2C6AF3812E3C5B2600C6FA2D /* Home.xib */ = {isa = PBXFileReference; lastKnownFileType = file.xib; path = Home.xib; sourceTree = "<group>"; };
		2C8ED81A2E3B4B37009D20E4 /* PictureAndVideo.app */ = {isa = PBXFileReference; explicitFileType = wrapper.application; includeInIndex = 0; path = PictureAndVideo.app; sourceTree = BUILT_PRODUCTS_DIR; };
		2C8ED8322E3B4B40009D20E4 /* AppDelegate.swift */ = {isa = PBXFileReference; lastKnownFileType = sourcecode.swift; path = AppDelegate.swift; sourceTree = "<group>"; };
		2C8ED8332E3B4B40009D20E4 /* Assets.xcassets */ = {isa = PBXFileReference; lastKnownFileType = folder.assetcatalog; path = Assets.xcassets; sourceTree = "<group>"; };
		2C8ED8342E3B4B40009D20E4 /* Info.plist */ = {isa = PBXFileReference; lastKnownFileType = text.plist.xml; path = Info.plist; sourceTree = "<group>"; };
		2C8ED8352E3B4B40009D20E4 /* Base */ = {isa = PBXFileReference; lastKnownFileType = file.storyboard; name = Base; path = Base.lproj/LaunchScreen.storyboard; sourceTree = "<group>"; };
		2C8ED8372E3B4B40009D20E4 /* Base */ = {isa = PBXFileReference; lastKnownFileType = file.storyboard; name = Base; path = Base.lproj/Main.storyboard; sourceTree = "<group>"; };
		2C8ED8392E3B4B40009D20E4 /* SceneDelegate.swift */ = {isa = PBXFileReference; lastKnownFileType = sourcecode.swift; path = SceneDelegate.swift; sourceTree = "<group>"; };
		2C8ED83A2E3B4B40009D20E4 /* ViewController.swift */ = {isa = PBXFileReference; lastKnownFileType = sourcecode.swift; path = ViewController.swift; sourceTree = "<group>"; };
		2C8ED85C2E3B64A8009D20E4 /* Camera.swift */ = {isa = PBXFileReference; lastKnownFileType = sourcecode.swift; path = Camera.swift; sourceTree = "<group>"; };
		2C8ED85D2E3B64A8009D20E4 /* Camera.xib */ = {isa = PBXFileReference; lastKnownFileType = file.xib; path = Camera.xib; sourceTree = "<group>"; };
		2C8ED8602E3B64BB009D20E4 /* ImportPhoto.swift */ = {isa = PBXFileReference; lastKnownFileType = sourcecode.swift; path = ImportPhoto.swift; sourceTree = "<group>"; };
		2C8ED8612E3B64BB009D20E4 /* ImportPhoto.xib */ = {isa = PBXFileReference; lastKnownFileType = file.xib; path = ImportPhoto.xib; sourceTree = "<group>"; };
/* End PBXFileReference section */

/* Begin PBXFrameworksBuildPhase section */
		2C8ED8172E3B4B37009D20E4 /* Frameworks */ = {
			isa = PBXFrameworksBuildPhase;
			buildActionMask = 2147483647;
			files = (
			);
			runOnlyForDeploymentPostprocessing = 0;
		};
/* End PBXFrameworksBuildPhase section */

/* Begin PBXGroup section */
		2C6AF37F2E3C5B0F00C6FA2D /* HomeVC */ = {
			isa = PBXGroup;
			children = (
				2C6AF3802E3C5B2600C6FA2D /* Home.swift */,
				2C6AF3812E3C5B2600C6FA2D /* Home.xib */,
			);
			path = HomeVC;
			sourceTree = "<group>";
		};
		2C6AF3A22E3CA82700C6FA2D /* 1 */ = {
			isa = PBXGroup;
			children = (
			);
			path = 1;
			sourceTree = "<group>";
		};
		2C8ED8112E3B4B37009D20E4 = {
			isa = PBXGroup;
			children = (
				2C8ED83B2E3B4B40009D20E4 /* PictureAndVideo */,
				2C8ED81B2E3B4B37009D20E4 /* Products */,
			);
			sourceTree = "<group>";
		};
		2C8ED81B2E3B4B37009D20E4 /* Products */ = {
			isa = PBXGroup;
			children = (
				2C8ED81A2E3B4B37009D20E4 /* PictureAndVideo.app */,
			);
			name = Products;
			sourceTree = "<group>";
		};
		2C8ED83B2E3B4B40009D20E4 /* PictureAndVideo */ = {
			isa = PBXGroup;
			children = (
				2C6AF3A22E3CA82700C6FA2D /* 1 */,
				2C6AF37F2E3C5B0F00C6FA2D /* HomeVC */,
				2C8ED85A2E3B6428009D20E4 /* Camera */,
				2C8ED85B2E3B644C009D20E4 /* ExportPhoto */,
				2C8ED8322E3B4B40009D20E4 /* AppDelegate.swift */,
				2C8ED8332E3B4B40009D20E4 /* Assets.xcassets */,
				2C8ED8342E3B4B40009D20E4 /* Info.plist */,
				2C8ED8362E3B4B40009D20E4 /* LaunchScreen.storyboard */,
				2C8ED8382E3B4B40009D20E4 /* Main.storyboard */,
				2C8ED8392E3B4B40009D20E4 /* SceneDelegate.swift */,
				2C8ED83A2E3B4B40009D20E4 /* ViewController.swift */,
				2C6AF37A2E3C59CA00C6FA2D /* CustomTabBar.swift */,
			);
			path = PictureAndVideo;
			sourceTree = "<group>";
		};
		2C8ED85A2E3B6428009D20E4 /* Camera */ = {
			isa = PBXGroup;
			children = (
				2C8ED85C2E3B64A8009D20E4 /* Camera.swift */,
				2C8ED85D2E3B64A8009D20E4 /* Camera.xib */,
			);
			path = Camera;
			sourceTree = "<group>";
		};
		2C8ED85B2E3B644C009D20E4 /* ExportPhoto */ = {
			isa = PBXGroup;
			children = (
				2C8ED8602E3B64BB009D20E4 /* ImportPhoto.swift */,
				2C8ED8612E3B64BB009D20E4 /* ImportPhoto.xib */,
			);
			path = ExportPhoto;
			sourceTree = "<group>";
		};
/* End PBXGroup section */

/* Begin PBXNativeTarget section */
		2C8ED8192E3B4B37009D20E4 /* PictureAndVideo */ = {
			isa = PBXNativeTarget;
			buildConfigurationList = 2C8ED82D2E3B4B38009D20E4 /* Build configuration list for PBXNativeTarget "PictureAndVideo" */;
			buildPhases = (
				2C8ED8162E3B4B37009D20E4 /* Sources */,
				2C8ED8172E3B4B37009D20E4 /* Frameworks */,
				2C8ED8182E3B4B37009D20E4 /* Resources */,
			);
			buildRules = (
			);
			dependencies = (
			);
			name = PictureAndVideo;
			packageProductDependencies = (
			);
			productName = PictureAndVideo;
			productReference = 2C8ED81A2E3B4B37009D20E4 /* PictureAndVideo.app */;
			productType = "com.apple.product-type.application";
		};
/* End PBXNativeTarget section */

/* Begin PBXProject section */
		2C8ED8122E3B4B37009D20E4 /* Project object */ = {
			isa = PBXProject;
			attributes = {
				BuildIndependentTargetsInParallel = 1;
				LastSwiftUpdateCheck = 1640;
				LastUpgradeCheck = 1640;
				TargetAttributes = {
					2C8ED8192E3B4B37009D20E4 = {
						CreatedOnToolsVersion = 16.4;
					};
				};
			};
			buildConfigurationList = 2C8ED8152E3B4B37009D20E4 /* Build configuration list for PBXProject "PictureAndVideo" */;
			developmentRegion = en;
			hasScannedForEncodings = 0;
			knownRegions = (
				en,
				Base,
			);
			mainGroup = 2C8ED8112E3B4B37009D20E4;
			minimizedProjectReferenceProxies = 1;
			preferredProjectObjectVersion = 77;
			productRefGroup = 2C8ED81B2E3B4B37009D20E4 /* Products */;
			projectDirPath = "";
			projectRoot = "";
			targets = (
				2C8ED8192E3B4B37009D20E4 /* PictureAndVideo */,
			);
		};
/* End PBXProject section */

/* Begin PBXResourcesBuildPhase section */
		2C8ED8182E3B4B37009D20E4 /* Resources */ = {
			isa = PBXResourcesBuildPhase;
			buildActionMask = 2147483647;
			files = (
				2C8ED85E2E3B64A8009D20E4 /* Camera.xib in Resources */,
				2C8ED83F2E3B4B40009D20E4 /* Assets.xcassets in Resources */,
				2C8ED8412E3B4B40009D20E4 /* LaunchScreen.storyboard in Resources */,
				2C8ED8422E3B4B40009D20E4 /* Main.storyboard in Resources */,
				2C6AF3832E3C5B2600C6FA2D /* Home.xib in Resources */,
				2C8ED8622E3B64BB009D20E4 /* ImportPhoto.xib in Resources */,
			);
			runOnlyForDeploymentPostprocessing = 0;
		};
/* End PBXResourcesBuildPhase section */

/* Begin PBXSourcesBuildPhase section */
		2C8ED8162E3B4B37009D20E4 /* Sources */ = {
			isa = PBXSourcesBuildPhase;
			buildActionMask = 2147483647;
			files = (
				2C8ED85F2E3B64A8009D20E4 /* Camera.swift in Sources */,
				2C8ED83C2E3B4B40009D20E4 /* AppDelegate.swift in Sources */,
				2C8ED8632E3B64BB009D20E4 /* ImportPhoto.swift in Sources */,
				2C8ED83D2E3B4B40009D20E4 /* SceneDelegate.swift in Sources */,
				2C6AF37B2E3C59CA00C6FA2D /* CustomTabBar.swift in Sources */,
				2C8ED83E2E3B4B40009D20E4 /* ViewController.swift in Sources */,
				2C6AF3822E3C5B2600C6FA2D /* Home.swift in Sources */,
			);
			runOnlyForDeploymentPostprocessing = 0;
		};
/* End PBXSourcesBuildPhase section */

/* Begin PBXVariantGroup section */
		2C8ED8362E3B4B40009D20E4 /* LaunchScreen.storyboard */ = {
			isa = PBXVariantGroup;
			children = (
				2C8ED8352E3B4B40009D20E4 /* Base */,
			);
			name = LaunchScreen.storyboard;
			sourceTree = "<group>";
		};
		2C8ED8382E3B4B40009D20E4 /* Main.storyboard */ = {
			isa = PBXVariantGroup;
			children = (
				2C8ED8372E3B4B40009D20E4 /* Base */,
			);
			name = Main.storyboard;
			sourceTree = "<group>";
		};
/* End PBXVariantGroup section */

/* Begin XCBuildConfiguration section */
		2C8ED82E2E3B4B38009D20E4 /* Debug */ = {
			isa = XCBuildConfiguration;
			buildSettings = {
				ASSETCATALOG_COMPILER_APPICON_NAME = AppIcon;
				ASSETCATALOG_COMPILER_GLOBAL_ACCENT_COLOR_NAME = AccentColor;
				CODE_SIGN_STYLE = Automatic;
				CURRENT_PROJECT_VERSION = 1;
				DEVELOPMENT_TEAM = WT5PJGD97N;
				GENERATE_INFOPLIST_FILE = YES;
				INFOPLIST_FILE = PictureAndVideo/Info.plist;
				INFOPLIST_KEY_UIApplicationSupportsIndirectInputEvents = YES;
				INFOPLIST_KEY_UILaunchStoryboardName = LaunchScreen;
				INFOPLIST_KEY_UIMainStoryboardFile = Main;
				INFOPLIST_KEY_UISupportedInterfaceOrientations_iPad = "UIInterfaceOrientationPortrait UIInterfaceOrientationPortraitUpsideDown UIInterfaceOrientationLandscapeLeft UIInterfaceOrientationLandscapeRight";
				INFOPLIST_KEY_UISupportedInterfaceOrientations_iPhone = "UIInterfaceOrientationPortrait UIInterfaceOrientationLandscapeLeft UIInterfaceOrientationLandscapeRight";
				IPHONEOS_DEPLOYMENT_TARGET = 15.6;
				LD_RUNPATH_SEARCH_PATHS = (
					"$(inherited)",
					"@executable_path/Frameworks",
				);
				MARKETING_VERSION = 1.0;
				PRODUCT_BUNDLE_IDENTIFIER = quanganhnguyen2405.PictureAndVideo;
				PRODUCT_NAME = "$(TARGET_NAME)";
				SWIFT_EMIT_LOC_STRINGS = YES;
				SWIFT_VERSION = 5.0;
				TARGETED_DEVICE_FAMILY = "1,2";
			};
			name = Debug;
		};
		2C8ED82F2E3B4B38009D20E4 /* Release */ = {
			isa = XCBuildConfiguration;
			buildSettings = {
				ASSETCATALOG_COMPILER_APPICON_NAME = AppIcon;
				ASSETCATALOG_COMPILER_GLOBAL_ACCENT_COLOR_NAME = AccentColor;
				CODE_SIGN_STYLE = Automatic;
				CURRENT_PROJECT_VERSION = 1;
				DEVELOPMENT_TEAM = WT5PJGD97N;
				GENERATE_INFOPLIST_FILE = YES;
				INFOPLIST_FILE = PictureAndVideo/Info.plist;
				INFOPLIST_KEY_UIApplicationSupportsIndirectInputEvents = YES;
				INFOPLIST_KEY_UILaunchStoryboardName = LaunchScreen;
				INFOPLIST_KEY_UIMainStoryboardFile = Main;
				INFOPLIST_KEY_UISupportedInterfaceOrientations_iPad = "UIInterfaceOrientationPortrait UIInterfaceOrientationPortraitUpsideDown UIInterfaceOrientationLandscapeLeft UIInterfaceOrientationLandscapeRight";
				INFOPLIST_KEY_UISupportedInterfaceOrientations_iPhone = "UIInterfaceOrientationPortrait UIInterfaceOrientationLandscapeLeft UIInterfaceOrientationLandscapeRight";
				IPHONEOS_DEPLOYMENT_TARGET = 15.6;
				LD_RUNPATH_SEARCH_PATHS = (
					"$(inherited)",
					"@executable_path/Frameworks",
				);
				MARKETING_VERSION = 1.0;
				PRODUCT_BUNDLE_IDENTIFIER = quanganhnguyen2405.PictureAndVideo;
				PRODUCT_NAME = "$(TARGET_NAME)";
				SWIFT_EMIT_LOC_STRINGS = YES;
				SWIFT_VERSION = 5.0;
				TARGETED_DEVICE_FAMILY = "1,2";
			};
			name = Release;
		};
		2C8ED8302E3B4B38009D20E4 /* Debug */ = {
			isa = XCBuildConfiguration;
			buildSettings = {
				ALWAYS_SEARCH_USER_PATHS = NO;
				ASSETCATALOG_COMPILER_GENERATE_SWIFT_ASSET_SYMBOL_EXTENSIONS = YES;
				CLANG_ANALYZER_NONNULL = YES;
				CLANG_ANALYZER_NUMBER_OBJECT_CONVERSION = YES_AGGRESSIVE;
				CLANG_CXX_LANGUAGE_STANDARD = "gnu++20";
				CLANG_ENABLE_MODULES = YES;
				CLANG_ENABLE_OBJC_ARC = YES;
				CLANG_ENABLE_OBJC_WEAK = YES;
				CLANG_WARN_BLOCK_CAPTURE_AUTORELEASING = YES;
				CLANG_WARN_BOOL_CONVERSION = YES;
				CLANG_WARN_COMMA = YES;
				CLANG_WARN_CONSTANT_CONVERSION = YES;
				CLANG_WARN_DEPRECATED_OBJC_IMPLEMENTATIONS = YES;
				CLANG_WARN_DIRECT_OBJC_ISA_USAGE = YES_ERROR;
				CLANG_WARN_DOCUMENTATION_COMMENTS = YES;
				CLANG_WARN_EMPTY_BODY = YES;
				CLANG_WARN_ENUM_CONVERSION = YES;
				CLANG_WARN_INFINITE_RECURSION = YES;
				CLANG_WARN_INT_CONVERSION = YES;
				CLANG_WARN_NON_LITERAL_NULL_CONVERSION = YES;
				CLANG_WARN_OBJC_IMPLICIT_RETAIN_SELF = YES;
				CLANG_WARN_OBJC_LITERAL_CONVERSION = YES;
				CLANG_WARN_OBJC_ROOT_CLASS = YES_ERROR;
				CLANG_WARN_QUOTED_INCLUDE_IN_FRAMEWORK_HEADER = YES;
				CLANG_WARN_RANGE_LOOP_ANALYSIS = YES;
				CLANG_WARN_STRICT_PROTOTYPES = YES;
				CLANG_WARN_SUSPICIOUS_MOVE = YES;
				CLANG_WARN_UNGUARDED_AVAILABILITY = YES_AGGRESSIVE;
				CLANG_WARN_UNREACHABLE_CODE = YES;
				CLANG_WARN__DUPLICATE_METHOD_MATCH = YES;
				COPY_PHASE_STRIP = NO;
				DEBUG_INFORMATION_FORMAT = dwarf;
				DEVELOPMENT_TEAM = WT5PJGD97N;
				ENABLE_STRICT_OBJC_MSGSEND = YES;
				ENABLE_TESTABILITY = YES;
				ENABLE_USER_SCRIPT_SANDBOXING = YES;
				GCC_C_LANGUAGE_STANDARD = gnu17;
				GCC_DYNAMIC_NO_PIC = NO;
				GCC_NO_COMMON_BLOCKS = YES;
				GCC_OPTIMIZATION_LEVEL = 0;
				GCC_PREPROCESSOR_DEFINITIONS = (
					"DEBUG=1",
					"$(inherited)",
				);
				GCC_WARN_64_TO_32_BIT_CONVERSION = YES;
				GCC_WARN_ABOUT_RETURN_TYPE = YES_ERROR;
				GCC_WARN_UNDECLARED_SELECTOR = YES;
				GCC_WARN_UNINITIALIZED_AUTOS = YES_AGGRESSIVE;
				GCC_WARN_UNUSED_FUNCTION = YES;
				GCC_WARN_UNUSED_VARIABLE = YES;
				IPHONEOS_DEPLOYMENT_TARGET = 18.5;
				LOCALIZATION_PREFERS_STRING_CATALOGS = YES;
				MTL_ENABLE_DEBUG_INFO = INCLUDE_SOURCE;
				MTL_FAST_MATH = YES;
				ONLY_ACTIVE_ARCH = YES;
				SDKROOT = iphoneos;
				SWIFT_ACTIVE_COMPILATION_CONDITIONS = "DEBUG $(inherited)";
				SWIFT_OPTIMIZATION_LEVEL = "-Onone";
			};
			name = Debug;
		};
		2C8ED8312E3B4B38009D20E4 /* Release */ = {
			isa = XCBuildConfiguration;
			buildSettings = {
				ALWAYS_SEARCH_USER_PATHS = NO;
				ASSETCATALOG_COMPILER_GENERATE_SWIFT_ASSET_SYMBOL_EXTENSIONS = YES;
				CLANG_ANALYZER_NONNULL = YES;
				CLANG_ANALYZER_NUMBER_OBJECT_CONVERSION = YES_AGGRESSIVE;
				CLANG_CXX_LANGUAGE_STANDARD = "gnu++20";
				CLANG_ENABLE_MODULES = YES;
				CLANG_ENABLE_OBJC_ARC = YES;
				CLANG_ENABLE_OBJC_WEAK = YES;
				CLANG_WARN_BLOCK_CAPTURE_AUTORELEASING = YES;
				CLANG_WARN_BOOL_CONVERSION = YES;
				CLANG_WARN_COMMA = YES;
				CLANG_WARN_CONSTANT_CONVERSION = YES;
				CLANG_WARN_DEPRECATED_OBJC_IMPLEMENTATIONS = YES;
				CLANG_WARN_DIRECT_OBJC_ISA_USAGE = YES_ERROR;
				CLANG_WARN_DOCUMENTATION_COMMENTS = YES;
				CLANG_WARN_EMPTY_BODY = YES;
				CLANG_WARN_ENUM_CONVERSION = YES;
				CLANG_WARN_INFINITE_RECURSION = YES;
				CLANG_WARN_INT_CONVERSION = YES;
				CLANG_WARN_NON_LITERAL_NULL_CONVERSION = YES;
				CLANG_WARN_OBJC_IMPLICIT_RETAIN_SELF = YES;
				CLANG_WARN_OBJC_LITERAL_CONVERSION = YES;
				CLANG_WARN_OBJC_ROOT_CLASS = YES_ERROR;
				CLANG_WARN_QUOTED_INCLUDE_IN_FRAMEWORK_HEADER = YES;
				CLANG_WARN_RANGE_LOOP_ANALYSIS = YES;
				CLANG_WARN_STRICT_PROTOTYPES = YES;
				CLANG_WARN_SUSPICIOUS_MOVE = YES;
				CLANG_WARN_UNGUARDED_AVAILABILITY = YES_AGGRESSIVE;
				CLANG_WARN_UNREACHABLE_CODE = YES;
				CLANG_WARN__DUPLICATE_METHOD_MATCH = YES;
				COPY_PHASE_STRIP = NO;
				DEBUG_INFORMATION_FORMAT = "dwarf-with-dsym";
				DEVELOPMENT_TEAM = WT5PJGD97N;
				ENABLE_NS_ASSERTIONS = NO;
				ENABLE_STRICT_OBJC_MSGSEND = YES;
				ENABLE_USER_SCRIPT_SANDBOXING = YES;
				GCC_C_LANGUAGE_STANDARD = gnu17;
				GCC_NO_COMMON_BLOCKS = YES;
				GCC_WARN_64_TO_32_BIT_CONVERSION = YES;
				GCC_WARN_ABOUT_RETURN_TYPE = YES_ERROR;
				GCC_WARN_UNDECLARED_SELECTOR = YES;
				GCC_WARN_UNINITIALIZED_AUTOS = YES_AGGRESSIVE;
				GCC_WARN_UNUSED_FUNCTION = YES;
				GCC_WARN_UNUSED_VARIABLE = YES;
				IPHONEOS_DEPLOYMENT_TARGET = 18.5;
				LOCALIZATION_PREFERS_STRING_CATALOGS = YES;
				MTL_ENABLE_DEBUG_INFO = NO;
				MTL_FAST_MATH = YES;
				SDKROOT = iphoneos;
				SWIFT_COMPILATION_MODE = wholemodule;
				VALIDATE_PRODUCT = YES;
			};
			name = Release;
		};
/* End XCBuildConfiguration section */

/* Begin XCConfigurationList section */
		2C8ED8152E3B4B37009D20E4 /* Build configuration list for PBXProject "PictureAndVideo" */ = {
			isa = XCConfigurationList;
			buildConfigurations = (
				2C8ED8302E3B4B38009D20E4 /* Debug */,
				2C8ED8312E3B4B38009D20E4 /* Release */,
			);
			defaultConfigurationIsVisible = 0;
			defaultConfigurationName = Release;
		};
		2C8ED82D2E3B4B38009D20E4 /* Build configuration list for PBXNativeTarget "PictureAndVideo" */ = {
			isa = XCConfigurationList;
			buildConfigurations = (
				2C8ED82E2E3B4B38009D20E4 /* Debug */,
				2C8ED82F2E3B4B38009D20E4 /* Release */,
			);
			defaultConfigurationIsVisible = 0;
			defaultConfigurationName = Release;
		};
/* End XCConfigurationList section */
	};
	rootObject = 2C8ED8122E3B4B37009D20E4 /* Project object */;
}
